
Microsoft Visual Studio Solution File, Format Version 12.00
# Visual Studio Version 17
VisualStudioVersion = 17.4.33205.214
MinimumVisualStudioVersion = 10.0.40219.1
Project("{9A19103F-16F7-4668-BE54-9A1E7A4F7556}") = "Warehouse", "Warehouse\Warehouse.csproj", "{98D02ECC-927C-4BE8-85F9-B2BC304CCD57}"
EndProject
Project("{2150E333-8FDC-42A3-9474-1A3956D46DE8}") = "Clients", "Clients", "{0EA37DFF-3360-4B1E-90DC-071B1725CEC6}"
EndProject
Project("{9A19103F-16F7-4668-BE54-9A1E7A4F7556}") = "WarehouseCheckpointClient", "Clients\WarehouseCheckpointClient\WarehouseCheckpointClient.csproj", "{E5CA8601-2668-4E7E-8294-3CD03A283B9C}"
EndProject
Project("{9A19103F-16F7-4668-BE54-9A1E7A4F7556}") = "SharedLibrary", "SharedLibrary\SharedLibrary.csproj", "{9E3D3CCA-C9AB-47FB-BD21-F343E6CC0461}"
EndProject
Project("{2150E333-8FDC-42A3-9474-1A3956D46DE8}") = "Manuals", "Manuals", "{7DC5061C-38A3-44C5-9813-AA37D7F6787C}"
	ProjectSection(SolutionItems) = preProject
		Scafollding.txt = Scafollding.txt
	EndProjectSection
EndProject
Project("{2150E333-8FDC-42A3-9474-1A3956D46DE8}") = "Data Samples", "Data Samples", "{6A824180-1DBF-43CD-B9F5-D7366CBB2DE6}"
EndProject
Project("{2150E333-8FDC-42A3-9474-1A3956D46DE8}") = "AlertStreamSamples", "AlertStreamSamples", "{59B90C28-FAB3-4874-A09B-E527DF51E56F}"
	ProjectSection(SolutionItems) = preProject
		Car1.xml = Car1.xml
		Car2.xml = Car2.xml
	EndProjectSection
EndProject
Project("{9A19103F-16F7-4668-BE54-9A1E7A4F7556}") = "WeighingControlClient", "Clients\WeighingControlClient\WeighingControlClient.csproj", "{D9C80FF8-1C65-47A4-B7F3-6B56D8AC6041}"
EndProject
Project("{2150E333-8FDC-42A3-9474-1A3956D46DE8}") = "Services", "Services", "{DA36D013-8D53-46AB-9C57-15F928D21474}"
EndProject
Project("{FAE04EC0-301F-11D3-BF4B-00C04F79EFBC}") = "CameraListenerService", "Services\CameraListenerService\CameraListenerService.csproj", "{DEF1D6A4-1F31-42BF-A680-EC317313C558}"
EndProject
Global
	GlobalSection(SolutionConfigurationPlatforms) = preSolution
		Debug|Any CPU = Debug|Any CPU
		Release|Any CPU = Release|Any CPU
	EndGlobalSection
	GlobalSection(ProjectConfigurationPlatforms) = postSolution
		{98D02ECC-927C-4BE8-85F9-B2BC304CCD57}.Debug|Any CPU.ActiveCfg = Debug|Any CPU
		{98D02ECC-927C-4BE8-85F9-B2BC304CCD57}.Debug|Any CPU.Build.0 = Debug|Any CPU
		{98D02ECC-927C-4BE8-85F9-B2BC304CCD57}.Release|Any CPU.ActiveCfg = Release|Any CPU
		{98D02ECC-927C-4BE8-85F9-B2BC304CCD57}.Release|Any CPU.Build.0 = Release|Any CPU
		{E5CA8601-2668-4E7E-8294-3CD03A283B9C}.Debug|Any CPU.ActiveCfg = Debug|Any CPU
		{E5CA8601-2668-4E7E-8294-3CD03A283B9C}.Debug|Any CPU.Build.0 = Debug|Any CPU
		{E5CA8601-2668-4E7E-8294-3CD03A283B9C}.Release|Any CPU.ActiveCfg = Release|Any CPU
		{E5CA8601-2668-4E7E-8294-3CD03A283B9C}.Release|Any CPU.Build.0 = Release|Any CPU
		{9E3D3CCA-C9AB-47FB-BD21-F343E6CC0461}.Debug|Any CPU.ActiveCfg = Debug|Any CPU
		{9E3D3CCA-C9AB-47FB-BD21-F343E6CC0461}.Debug|Any CPU.Build.0 = Debug|Any CPU
		{9E3D3CCA-C9AB-47FB-BD21-F343E6CC0461}.Release|Any CPU.ActiveCfg = Release|Any CPU
		{9E3D3CCA-C9AB-47FB-BD21-F343E6CC0461}.Release|Any CPU.Build.0 = Release|Any CPU
		{D9C80FF8-1C65-47A4-B7F3-6B56D8AC6041}.Debug|Any CPU.ActiveCfg = Debug|Any CPU
		{D9C80FF8-1C65-47A4-B7F3-6B56D8AC6041}.Debug|Any CPU.Build.0 = Debug|Any CPU
		{D9C80FF8-1C65-47A4-B7F3-6B56D8AC6041}.Release|Any CPU.ActiveCfg = Release|Any CPU
		{D9C80FF8-1C65-47A4-B7F3-6B56D8AC6041}.Release|Any CPU.Build.0 = Release|Any CPU
		{DEF1D6A4-1F31-42BF-A680-EC317313C558}.Debug|Any CPU.ActiveCfg = Debug|Any CPU
		{DEF1D6A4-1F31-42BF-A680-EC317313C558}.Debug|Any CPU.Build.0 = Debug|Any CPU
		{DEF1D6A4-1F31-42BF-A680-EC317313C558}.Release|Any CPU.ActiveCfg = Release|Any CPU
		{DEF1D6A4-1F31-42BF-A680-EC317313C558}.Release|Any CPU.Build.0 = Release|Any CPU
	EndGlobalSection
	GlobalSection(SolutionProperties) = preSolution
		HideSolutionNode = FALSE
	EndGlobalSection
	GlobalSection(NestedProjects) = preSolution
		{E5CA8601-2668-4E7E-8294-3CD03A283B9C} = {0EA37DFF-3360-4B1E-90DC-071B1725CEC6}
		{6A824180-1DBF-43CD-B9F5-D7366CBB2DE6} = {7DC5061C-38A3-44C5-9813-AA37D7F6787C}
		{59B90C28-FAB3-4874-A09B-E527DF51E56F} = {6A824180-1DBF-43CD-B9F5-D7366CBB2DE6}
		{D9C80FF8-1C65-47A4-B7F3-6B56D8AC6041} = {0EA37DFF-3360-4B1E-90DC-071B1725CEC6}
		{DEF1D6A4-1F31-42BF-A680-EC317313C558} = {DA36D013-8D53-46AB-9C57-15F928D21474}
	EndGlobalSection
	GlobalSection(ExtensibilityGlobals) = postSolution
		SolutionGuid = {DC663EF5-B8BD-453E-9574-7A8375B37941}
	EndGlobalSection
EndGlobal
