
Microsoft Visual Studio Solution File, Format Version 12.00
# Visual Studio Version 17
VisualStudioVersion = 17.4.33205.214
MinimumVisualStudioVersion = 10.0.40219.1
Project("{9A19103F-16F7-4668-BE54-9A1E7A4F7556}") = "Warehouse", "Warehouse\Warehouse.csproj", "{98D02ECC-927C-4BE8-85F9-B2BC304CCD57}"
EndProject
Project("{2150E333-8FDC-42A3-9474-1A3956D46DE8}") = "Clients", "Clients", "{0EA37DFF-3360-4B1E-90DC-071B1725CEC6}"
EndProject
Project("{9A19103F-16F7-4668-BE54-9A1E7A4F7556}") = "SharedLibrary", "SharedLibrary\SharedLibrary.csproj", "{9E3D3CCA-C9AB-47FB-BD21-F343E6CC0461}"
EndProject
Project("{2150E333-8FDC-42A3-9474-1A3956D46DE8}") = "Manuals", "Manuals", "{7DC5061C-38A3-44C5-9813-AA37D7F6787C}"
	ProjectSection(SolutionItems) = preProject
		Scafollding.txt = Scafollding.txt
	EndProjectSection
EndProject
Project("{2150E333-8FDC-42A3-9474-1A3956D46DE8}") = "Data Samples", "Data Samples", "{6A824180-1DBF-43CD-B9F5-D7366CBB2DE6}"
EndProject
Project("{2150E333-8FDC-42A3-9474-1A3956D46DE8}") = "AlertStreamSamples", "AlertStreamSamples", "{59B90C28-FAB3-4874-A09B-E527DF51E56F}"
	ProjectSection(SolutionItems) = preProject
		Car1.xml = Car1.xml
		Car2.xml = Car2.xml
	EndProjectSection
EndProject
Project("{9A19103F-16F7-4668-BE54-9A1E7A4F7556}") = "WeighingControlClient", "Clients\WeighingControlClient\WeighingControlClient.csproj", "{D9C80FF8-1C65-47A4-B7F3-6B56D8AC6041}"
EndProject
Project("{2150E333-8FDC-42A3-9474-1A3956D46DE8}") = "Services", "Services", "{DA36D013-8D53-46AB-9C57-15F928D21474}"
EndProject
Project("{9A19103F-16F7-4668-BE54-9A1E7A4F7556}") = "CameraListenerService", "Services\CameraListenerService\CameraListenerService.csproj", "{DEF1D6A4-1F31-42BF-A680-EC317313C558}"
EndProject
Project("{2150E333-8FDC-42A3-9474-1A3956D46DE8}") = "Utilities", "Utilities", "{C5447726-2D22-40F1-B3D7-96D03BD33658}"
EndProject
Project("{9A19103F-16F7-4668-BE54-9A1E7A4F7556}") = "CameraAlertStreamTo1C", "Utilities\CameraAlertStreamTo1C\CameraAlertStreamTo1C.csproj", "{893E823E-774C-4383-AD88-2111ECBC4D64}"
EndProject
Project("{9A19103F-16F7-4668-BE54-9A1E7A4F7556}") = "BarriersService", "Services\BarriersService\BarriersService.csproj", "{4DDF5486-C258-4272-AED1-6820F58A159A}"
EndProject
Project("{9A19103F-16F7-4668-BE54-9A1E7A4F7556}") = "FindCarService", "Services\FindCarService\FindCarService.csproj", "{94A2B4EC-34DE-4364-9FBB-7BF235E9A976}"
EndProject
Project("{2150E333-8FDC-42A3-9474-1A3956D46DE8}") = "Experiments", "Experiments", "{3B09EF6B-F412-4752-B16A-9C56EAF6A8E6}"
EndProject
Project("{9A19103F-16F7-4668-BE54-9A1E7A4F7556}") = "FuzzySharpForPlateNumbersExperiments", "Experiments\FuzzySharpForPlateNumbersExperiments\FuzzySharpForPlateNumbersExperiments.csproj", "{004D6FCB-DDCF-4E2A-963F-67AD593C7A8B}"
EndProject
Project("{9A19103F-16F7-4668-BE54-9A1E7A4F7556}") = "NaisService", "Services\NaisService\NaisService.csproj", "{8E483E2F-C2A2-446B-8FD4-A4690D93A7D0}"
EndProject
Project("{2150E333-8FDC-42A3-9474-1A3956D46DE8}") = "Tests", "Tests", "{EA06F083-2637-488A-A506-15C70E19AEA2}"
EndProject
Project("{2150E333-8FDC-42A3-9474-1A3956D46DE8}") = "Utilities", "Utilities", "{924FC07F-B848-44B3-A0BB-A3D43E446296}"
EndProject
Project("{2150E333-8FDC-42A3-9474-1A3956D46DE8}") = "Services", "Services", "{505E5CF0-0E3A-4258-8A92-6184A350F8A6}"
EndProject
Project("{9A19103F-16F7-4668-BE54-9A1E7A4F7556}") = "NaisService.Tests", "Tests\Services\NaisService.Tests\NaisService.Tests.csproj", "{EA38E7DA-2515-4081-9930-C3AB8B9488E6}"
EndProject
Project("{9A19103F-16F7-4668-BE54-9A1E7A4F7556}") = "TimeControlService", "Services\TimeConrolService\TimeControlService.csproj", "{5C34324A-50B3-443F-B466-76E192A86339}"
EndProject
Project("{9A19103F-16F7-4668-BE54-9A1E7A4F7556}") = "ImportWaitingLists", "Utilities\ImportWaitingLists\ImportWaitingLists.csproj", "{9372B9DD-D71E-497B-8A75-5072ED8E105D}"
EndProject
Project("{9A19103F-16F7-4668-BE54-9A1E7A4F7556}") = "WaitingListImporterService", "Services\WaitingListImporterService\WaitingListImporterService.csproj", "{DA2A3DDA-81E7-498F-A1C3-69D2644FD5FE}"
EndProject
Project("{9A19103F-16F7-4668-BE54-9A1E7A4F7556}") = "SystemReset", "Utilities\SystemReset\SystemReset.csproj", "{985CA338-1944-4302-835F-57D5FFA643E7}"
EndProject
Project("{9A19103F-16F7-4668-BE54-9A1E7A4F7556}") = "WaitingListsService", "Services\WaitingListsService\WaitingListsService.csproj", "{7C0E8FFB-7A6C-48AE-BBA2-5C5D3254E6CF}"
EndProject
Project("{FAE04EC0-301F-11D3-BF4B-00C04F79EFBC}") = "WarehouseConfigService", "Services\WarehouseConfigService\WarehouseConfigService.csproj", "{9DD88C8E-A2E7-4903-B856-978C622BD8E7}"
EndProject
Global
	GlobalSection(SolutionConfigurationPlatforms) = preSolution
		Debug|Any CPU = Debug|Any CPU
		Release|Any CPU = Release|Any CPU
	EndGlobalSection
	GlobalSection(ProjectConfigurationPlatforms) = postSolution
		{98D02ECC-927C-4BE8-85F9-B2BC304CCD57}.Debug|Any CPU.ActiveCfg = Debug|Any CPU
		{98D02ECC-927C-4BE8-85F9-B2BC304CCD57}.Debug|Any CPU.Build.0 = Debug|Any CPU
		{98D02ECC-927C-4BE8-85F9-B2BC304CCD57}.Release|Any CPU.ActiveCfg = Release|Any CPU
		{98D02ECC-927C-4BE8-85F9-B2BC304CCD57}.Release|Any CPU.Build.0 = Release|Any CPU
		{9E3D3CCA-C9AB-47FB-BD21-F343E6CC0461}.Debug|Any CPU.ActiveCfg = Debug|Any CPU
		{9E3D3CCA-C9AB-47FB-BD21-F343E6CC0461}.Debug|Any CPU.Build.0 = Debug|Any CPU
		{9E3D3CCA-C9AB-47FB-BD21-F343E6CC0461}.Release|Any CPU.ActiveCfg = Release|Any CPU
		{9E3D3CCA-C9AB-47FB-BD21-F343E6CC0461}.Release|Any CPU.Build.0 = Release|Any CPU
		{D9C80FF8-1C65-47A4-B7F3-6B56D8AC6041}.Debug|Any CPU.ActiveCfg = Debug|Any CPU
		{D9C80FF8-1C65-47A4-B7F3-6B56D8AC6041}.Debug|Any CPU.Build.0 = Debug|Any CPU
		{D9C80FF8-1C65-47A4-B7F3-6B56D8AC6041}.Release|Any CPU.ActiveCfg = Release|Any CPU
		{D9C80FF8-1C65-47A4-B7F3-6B56D8AC6041}.Release|Any CPU.Build.0 = Release|Any CPU
		{DEF1D6A4-1F31-42BF-A680-EC317313C558}.Debug|Any CPU.ActiveCfg = Debug|Any CPU
		{DEF1D6A4-1F31-42BF-A680-EC317313C558}.Debug|Any CPU.Build.0 = Debug|Any CPU
		{DEF1D6A4-1F31-42BF-A680-EC317313C558}.Release|Any CPU.ActiveCfg = Release|Any CPU
		{DEF1D6A4-1F31-42BF-A680-EC317313C558}.Release|Any CPU.Build.0 = Release|Any CPU
		{893E823E-774C-4383-AD88-2111ECBC4D64}.Debug|Any CPU.ActiveCfg = Debug|Any CPU
		{893E823E-774C-4383-AD88-2111ECBC4D64}.Debug|Any CPU.Build.0 = Debug|Any CPU
		{893E823E-774C-4383-AD88-2111ECBC4D64}.Release|Any CPU.ActiveCfg = Release|Any CPU
		{893E823E-774C-4383-AD88-2111ECBC4D64}.Release|Any CPU.Build.0 = Release|Any CPU
		{4DDF5486-C258-4272-AED1-6820F58A159A}.Debug|Any CPU.ActiveCfg = Debug|Any CPU
		{4DDF5486-C258-4272-AED1-6820F58A159A}.Debug|Any CPU.Build.0 = Debug|Any CPU
		{4DDF5486-C258-4272-AED1-6820F58A159A}.Release|Any CPU.ActiveCfg = Release|Any CPU
		{4DDF5486-C258-4272-AED1-6820F58A159A}.Release|Any CPU.Build.0 = Release|Any CPU
		{94A2B4EC-34DE-4364-9FBB-7BF235E9A976}.Debug|Any CPU.ActiveCfg = Debug|Any CPU
		{94A2B4EC-34DE-4364-9FBB-7BF235E9A976}.Debug|Any CPU.Build.0 = Debug|Any CPU
		{94A2B4EC-34DE-4364-9FBB-7BF235E9A976}.Release|Any CPU.ActiveCfg = Release|Any CPU
		{94A2B4EC-34DE-4364-9FBB-7BF235E9A976}.Release|Any CPU.Build.0 = Release|Any CPU
		{004D6FCB-DDCF-4E2A-963F-67AD593C7A8B}.Debug|Any CPU.ActiveCfg = Debug|Any CPU
		{004D6FCB-DDCF-4E2A-963F-67AD593C7A8B}.Debug|Any CPU.Build.0 = Debug|Any CPU
		{004D6FCB-DDCF-4E2A-963F-67AD593C7A8B}.Release|Any CPU.ActiveCfg = Release|Any CPU
		{004D6FCB-DDCF-4E2A-963F-67AD593C7A8B}.Release|Any CPU.Build.0 = Release|Any CPU
		{8E483E2F-C2A2-446B-8FD4-A4690D93A7D0}.Debug|Any CPU.ActiveCfg = Debug|Any CPU
		{8E483E2F-C2A2-446B-8FD4-A4690D93A7D0}.Debug|Any CPU.Build.0 = Debug|Any CPU
		{8E483E2F-C2A2-446B-8FD4-A4690D93A7D0}.Release|Any CPU.ActiveCfg = Release|Any CPU
		{8E483E2F-C2A2-446B-8FD4-A4690D93A7D0}.Release|Any CPU.Build.0 = Release|Any CPU
		{EA38E7DA-2515-4081-9930-C3AB8B9488E6}.Debug|Any CPU.ActiveCfg = Debug|Any CPU
		{EA38E7DA-2515-4081-9930-C3AB8B9488E6}.Debug|Any CPU.Build.0 = Debug|Any CPU
		{EA38E7DA-2515-4081-9930-C3AB8B9488E6}.Release|Any CPU.ActiveCfg = Release|Any CPU
		{EA38E7DA-2515-4081-9930-C3AB8B9488E6}.Release|Any CPU.Build.0 = Release|Any CPU
		{5C34324A-50B3-443F-B466-76E192A86339}.Debug|Any CPU.ActiveCfg = Debug|Any CPU
		{5C34324A-50B3-443F-B466-76E192A86339}.Debug|Any CPU.Build.0 = Debug|Any CPU
		{5C34324A-50B3-443F-B466-76E192A86339}.Release|Any CPU.ActiveCfg = Release|Any CPU
		{5C34324A-50B3-443F-B466-76E192A86339}.Release|Any CPU.Build.0 = Release|Any CPU
		{9372B9DD-D71E-497B-8A75-5072ED8E105D}.Debug|Any CPU.ActiveCfg = Debug|Any CPU
		{9372B9DD-D71E-497B-8A75-5072ED8E105D}.Debug|Any CPU.Build.0 = Debug|Any CPU
		{9372B9DD-D71E-497B-8A75-5072ED8E105D}.Release|Any CPU.ActiveCfg = Release|Any CPU
		{9372B9DD-D71E-497B-8A75-5072ED8E105D}.Release|Any CPU.Build.0 = Release|Any CPU
		{DA2A3DDA-81E7-498F-A1C3-69D2644FD5FE}.Debug|Any CPU.ActiveCfg = Debug|Any CPU
		{DA2A3DDA-81E7-498F-A1C3-69D2644FD5FE}.Debug|Any CPU.Build.0 = Debug|Any CPU
		{DA2A3DDA-81E7-498F-A1C3-69D2644FD5FE}.Release|Any CPU.ActiveCfg = Release|Any CPU
		{DA2A3DDA-81E7-498F-A1C3-69D2644FD5FE}.Release|Any CPU.Build.0 = Release|Any CPU
		{985CA338-1944-4302-835F-57D5FFA643E7}.Debug|Any CPU.ActiveCfg = Debug|Any CPU
		{985CA338-1944-4302-835F-57D5FFA643E7}.Debug|Any CPU.Build.0 = Debug|Any CPU
		{985CA338-1944-4302-835F-57D5FFA643E7}.Release|Any CPU.ActiveCfg = Release|Any CPU
		{985CA338-1944-4302-835F-57D5FFA643E7}.Release|Any CPU.Build.0 = Release|Any CPU
		{7C0E8FFB-7A6C-48AE-BBA2-5C5D3254E6CF}.Debug|Any CPU.ActiveCfg = Debug|Any CPU
		{7C0E8FFB-7A6C-48AE-BBA2-5C5D3254E6CF}.Debug|Any CPU.Build.0 = Debug|Any CPU
		{7C0E8FFB-7A6C-48AE-BBA2-5C5D3254E6CF}.Release|Any CPU.ActiveCfg = Release|Any CPU
		{7C0E8FFB-7A6C-48AE-BBA2-5C5D3254E6CF}.Release|Any CPU.Build.0 = Release|Any CPU
		{9DD88C8E-A2E7-4903-B856-978C622BD8E7}.Debug|Any CPU.ActiveCfg = Debug|Any CPU
		{9DD88C8E-A2E7-4903-B856-978C622BD8E7}.Debug|Any CPU.Build.0 = Debug|Any CPU
		{9DD88C8E-A2E7-4903-B856-978C622BD8E7}.Release|Any CPU.ActiveCfg = Release|Any CPU
		{9DD88C8E-A2E7-4903-B856-978C622BD8E7}.Release|Any CPU.Build.0 = Release|Any CPU
	EndGlobalSection
	GlobalSection(SolutionProperties) = preSolution
		HideSolutionNode = FALSE
	EndGlobalSection
	GlobalSection(NestedProjects) = preSolution
		{6A824180-1DBF-43CD-B9F5-D7366CBB2DE6} = {7DC5061C-38A3-44C5-9813-AA37D7F6787C}
		{59B90C28-FAB3-4874-A09B-E527DF51E56F} = {6A824180-1DBF-43CD-B9F5-D7366CBB2DE6}
		{D9C80FF8-1C65-47A4-B7F3-6B56D8AC6041} = {0EA37DFF-3360-4B1E-90DC-071B1725CEC6}
		{DEF1D6A4-1F31-42BF-A680-EC317313C558} = {DA36D013-8D53-46AB-9C57-15F928D21474}
		{893E823E-774C-4383-AD88-2111ECBC4D64} = {C5447726-2D22-40F1-B3D7-96D03BD33658}
		{4DDF5486-C258-4272-AED1-6820F58A159A} = {DA36D013-8D53-46AB-9C57-15F928D21474}
		{94A2B4EC-34DE-4364-9FBB-7BF235E9A976} = {DA36D013-8D53-46AB-9C57-15F928D21474}
		{004D6FCB-DDCF-4E2A-963F-67AD593C7A8B} = {3B09EF6B-F412-4752-B16A-9C56EAF6A8E6}
		{8E483E2F-C2A2-446B-8FD4-A4690D93A7D0} = {DA36D013-8D53-46AB-9C57-15F928D21474}
		{924FC07F-B848-44B3-A0BB-A3D43E446296} = {EA06F083-2637-488A-A506-15C70E19AEA2}
		{505E5CF0-0E3A-4258-8A92-6184A350F8A6} = {EA06F083-2637-488A-A506-15C70E19AEA2}
		{EA38E7DA-2515-4081-9930-C3AB8B9488E6} = {505E5CF0-0E3A-4258-8A92-6184A350F8A6}
		{5C34324A-50B3-443F-B466-76E192A86339} = {DA36D013-8D53-46AB-9C57-15F928D21474}
		{9372B9DD-D71E-497B-8A75-5072ED8E105D} = {C5447726-2D22-40F1-B3D7-96D03BD33658}
		{DA2A3DDA-81E7-498F-A1C3-69D2644FD5FE} = {DA36D013-8D53-46AB-9C57-15F928D21474}
		{985CA338-1944-4302-835F-57D5FFA643E7} = {C5447726-2D22-40F1-B3D7-96D03BD33658}
		{7C0E8FFB-7A6C-48AE-BBA2-5C5D3254E6CF} = {DA36D013-8D53-46AB-9C57-15F928D21474}
		{9DD88C8E-A2E7-4903-B856-978C622BD8E7} = {DA36D013-8D53-46AB-9C57-15F928D21474}
	EndGlobalSection
	GlobalSection(ExtensibilityGlobals) = postSolution
		SolutionGuid = {DC663EF5-B8BD-453E-9574-7A8375B37941}
	EndGlobalSection
EndGlobal
