
Microsoft Visual Studio Solution File, Format Version 12.00
# Visual Studio Version 17
VisualStudioVersion = 17.4.33205.214
MinimumVisualStudioVersion = 10.0.40219.1
Project("{9A19103F-16F7-4668-BE54-9A1E7A4F7556}") = "Warehouse", "Warehouse\Warehouse.csproj", "{98D02ECC-927C-4BE8-85F9-B2BC304CCD57}"
EndProject
Project("{9A19103F-16F7-4668-BE54-9A1E7A4F7556}") = "Warehouse.CameraRoles", "Warehouse.CameraRoles\Warehouse.CameraRoles.csproj", "{6391B557-B39A-432F-BE5D-06E12E0CC199}"
EndProject
Project("{9A19103F-16F7-4668-BE54-9A1E7A4F7556}") = "Warehouse.CarStates", "Warehouse.CarStates\Warehouse.CarStates.csproj", "{BE0D5043-8142-42CC-87FD-1CFDB7B9B82F}"
EndProject
Project("{9A19103F-16F7-4668-BE54-9A1E7A4F7556}") = "Warehouse.Logging", "Warehouse.Logging\Warehouse.Logging.csproj", "{AC93EF8C-EF5E-43FA-AF57-398B7A2C630A}"
EndProject
Project("{9A19103F-16F7-4668-BE54-9A1E7A4F7556}") = "Warehouse.Interfaces", "Warehouse.Interfaces\Warehouse.Interfaces.csproj", "{7B8ABEF3-6682-42DC-AC61-4911BCBB08AA}"
EndProject
Project("{9A19103F-16F7-4668-BE54-9A1E7A4F7556}") = "Warehouse.DataBase", "Warehouse.DataBase\Warehouse.DataBase.csproj", "{374B616C-0F1B-4D50-AEEA-6B4940DB2E9B}"
EndProject
Project("{9A19103F-16F7-4668-BE54-9A1E7A4F7556}") = "Warehouse.ConfigDataBase", "Warehouse.ConfigDataBase\Warehouse.ConfigDataBase.csproj", "{4B16F454-DAA7-41B7-BEC6-148C8406886D}"
EndProject
Project("{9A19103F-16F7-4668-BE54-9A1E7A4F7556}") = "Warehouse.AppSettings", "Warehouse.AppSettings\Warehouse.AppSettings.csproj", "{68A9099B-FDA1-488E-9A80-F5953E568C33}"
EndProject
Project("{9A19103F-16F7-4668-BE54-9A1E7A4F7556}") = "Warehouse.CameraListeners", "Warehouse.CameraListeners\Warehouse.CameraListeners.csproj", "{04B26241-1D79-44BF-8774-945D929735A9}"
EndProject
Project("{9A19103F-16F7-4668-BE54-9A1E7A4F7556}") = "Warehouse.DbMethods", "Warehouse.DbMethods\Warehouse.DbMethods.csproj", "{B51A5128-D03E-4EFC-B2F8-9D54AC9555E6}"
EndProject
Project("{9A19103F-16F7-4668-BE54-9A1E7A4F7556}") = "Warehouse.Nais", "Warehouse.Nais\Warehouse.Nais.csproj", "{4668CAEB-10BE-4F9C-997D-011FB47B7299}"
EndProject
Project("{9A19103F-16F7-4668-BE54-9A1E7A4F7556}") = "Warehouse.Barriers", "Warehouse.Barriers\Warehouse.Barriers.csproj", "{60D716B5-1F03-403C-8BA0-6071F383739E}"
EndProject
Project("{9A19103F-16F7-4668-BE54-9A1E7A4F7556}") = "Warehouse.FindCarServices", "Warehouse.FindCarServices\Warehouse.FindCarServices.csproj", "{99FFEF65-3B13-4928-9C17-2099BCDF2216}"
EndProject
Project("{9A19103F-16F7-4668-BE54-9A1E7A4F7556}") = "Warehouse.WaitingListsServices", "Warehouse.WaitingListsServices\Warehouse.WaitingListsServices.csproj", "{4B0BDED0-DE85-47F5-8CCB-9DB0A8E6236C}"
EndProject
Project("{9A19103F-16F7-4668-BE54-9A1E7A4F7556}") = "Warehouse.TimeControl", "Warehouse.TimeControl\Warehouse.TimeControl.csproj", "{FDAF3FB4-E5CB-446B-AD38-7220BBFEA8AA}"
EndProject
Project("{9A19103F-16F7-4668-BE54-9A1E7A4F7556}") = "Warehouse.RusificationServices", "Warehouse.RusificationServices\Warehouse.RusificationServices.csproj", "{CD511D16-0135-46A1-8737-6E0B49BB5EE2}"
EndProject
Project("{2150E333-8FDC-42A3-9474-1A3956D46DE8}") = "Core", "Core", "{71CC5296-D88F-4451-B80B-1AF6FB950655}"
EndProject
Project("{2150E333-8FDC-42A3-9474-1A3956D46DE8}") = "Bussness", "Bussness", "{68BDB711-2B5C-4D91-8E86-C88A54631077}"
EndProject
Project("{2150E333-8FDC-42A3-9474-1A3956D46DE8}") = "DataBase", "DataBase", "{D6882198-F907-453A-A114-182F592B3EAA}"
EndProject
Project("{2150E333-8FDC-42A3-9474-1A3956D46DE8}") = "Services", "Services", "{D1C0C2AE-62EE-438B-94AF-56AED540DD57}"
EndProject
Project("{2150E333-8FDC-42A3-9474-1A3956D46DE8}") = "Элементы решения", "Элементы решения", "{91E5E54A-CF6D-42F9-9E86-3C89FB79D1FB}"
	ProjectSection(SolutionItems) = preProject
		CodeMap.dgml = CodeMap.dgml
	EndProjectSection
EndProject
Project("{2150E333-8FDC-42A3-9474-1A3956D46DE8}") = "Utilities", "Utilities", "{A6EFF2E2-728B-4212-8A05-5909003ACA86}"
EndProject
Project("{FAE04EC0-301F-11D3-BF4B-00C04F79EFBC}") = "WaitingListsImporterProject", "Utilities\WaitingListsImporterProject\WaitingListsImporterProject.csproj", "{A4D4CDD0-4796-4EB8-9C0E-7EA83EAF2235}"
EndProject
Global
	GlobalSection(SolutionConfigurationPlatforms) = preSolution
		Debug|Any CPU = Debug|Any CPU
		Release|Any CPU = Release|Any CPU
	EndGlobalSection
	GlobalSection(ProjectConfigurationPlatforms) = postSolution
		{98D02ECC-927C-4BE8-85F9-B2BC304CCD57}.Debug|Any CPU.ActiveCfg = Debug|Any CPU
		{98D02ECC-927C-4BE8-85F9-B2BC304CCD57}.Debug|Any CPU.Build.0 = Debug|Any CPU
		{98D02ECC-927C-4BE8-85F9-B2BC304CCD57}.Release|Any CPU.ActiveCfg = Release|Any CPU
		{98D02ECC-927C-4BE8-85F9-B2BC304CCD57}.Release|Any CPU.Build.0 = Release|Any CPU
		{6391B557-B39A-432F-BE5D-06E12E0CC199}.Debug|Any CPU.ActiveCfg = Debug|Any CPU
		{6391B557-B39A-432F-BE5D-06E12E0CC199}.Debug|Any CPU.Build.0 = Debug|Any CPU
		{6391B557-B39A-432F-BE5D-06E12E0CC199}.Release|Any CPU.ActiveCfg = Release|Any CPU
		{6391B557-B39A-432F-BE5D-06E12E0CC199}.Release|Any CPU.Build.0 = Release|Any CPU
		{BE0D5043-8142-42CC-87FD-1CFDB7B9B82F}.Debug|Any CPU.ActiveCfg = Debug|Any CPU
		{BE0D5043-8142-42CC-87FD-1CFDB7B9B82F}.Debug|Any CPU.Build.0 = Debug|Any CPU
		{BE0D5043-8142-42CC-87FD-1CFDB7B9B82F}.Release|Any CPU.ActiveCfg = Release|Any CPU
		{BE0D5043-8142-42CC-87FD-1CFDB7B9B82F}.Release|Any CPU.Build.0 = Release|Any CPU
		{AC93EF8C-EF5E-43FA-AF57-398B7A2C630A}.Debug|Any CPU.ActiveCfg = Debug|Any CPU
		{AC93EF8C-EF5E-43FA-AF57-398B7A2C630A}.Debug|Any CPU.Build.0 = Debug|Any CPU
		{AC93EF8C-EF5E-43FA-AF57-398B7A2C630A}.Release|Any CPU.ActiveCfg = Release|Any CPU
		{AC93EF8C-EF5E-43FA-AF57-398B7A2C630A}.Release|Any CPU.Build.0 = Release|Any CPU
		{7B8ABEF3-6682-42DC-AC61-4911BCBB08AA}.Debug|Any CPU.ActiveCfg = Debug|Any CPU
		{7B8ABEF3-6682-42DC-AC61-4911BCBB08AA}.Debug|Any CPU.Build.0 = Debug|Any CPU
		{7B8ABEF3-6682-42DC-AC61-4911BCBB08AA}.Release|Any CPU.ActiveCfg = Release|Any CPU
		{7B8ABEF3-6682-42DC-AC61-4911BCBB08AA}.Release|Any CPU.Build.0 = Release|Any CPU
		{374B616C-0F1B-4D50-AEEA-6B4940DB2E9B}.Debug|Any CPU.ActiveCfg = Debug|Any CPU
		{374B616C-0F1B-4D50-AEEA-6B4940DB2E9B}.Debug|Any CPU.Build.0 = Debug|Any CPU
		{374B616C-0F1B-4D50-AEEA-6B4940DB2E9B}.Release|Any CPU.ActiveCfg = Release|Any CPU
		{374B616C-0F1B-4D50-AEEA-6B4940DB2E9B}.Release|Any CPU.Build.0 = Release|Any CPU
		{4B16F454-DAA7-41B7-BEC6-148C8406886D}.Debug|Any CPU.ActiveCfg = Debug|Any CPU
		{4B16F454-DAA7-41B7-BEC6-148C8406886D}.Debug|Any CPU.Build.0 = Debug|Any CPU
		{4B16F454-DAA7-41B7-BEC6-148C8406886D}.Release|Any CPU.ActiveCfg = Release|Any CPU
		{4B16F454-DAA7-41B7-BEC6-148C8406886D}.Release|Any CPU.Build.0 = Release|Any CPU
		{68A9099B-FDA1-488E-9A80-F5953E568C33}.Debug|Any CPU.ActiveCfg = Debug|Any CPU
		{68A9099B-FDA1-488E-9A80-F5953E568C33}.Debug|Any CPU.Build.0 = Debug|Any CPU
		{68A9099B-FDA1-488E-9A80-F5953E568C33}.Release|Any CPU.ActiveCfg = Release|Any CPU
		{68A9099B-FDA1-488E-9A80-F5953E568C33}.Release|Any CPU.Build.0 = Release|Any CPU
		{04B26241-1D79-44BF-8774-945D929735A9}.Debug|Any CPU.ActiveCfg = Debug|Any CPU
		{04B26241-1D79-44BF-8774-945D929735A9}.Debug|Any CPU.Build.0 = Debug|Any CPU
		{04B26241-1D79-44BF-8774-945D929735A9}.Release|Any CPU.ActiveCfg = Release|Any CPU
		{04B26241-1D79-44BF-8774-945D929735A9}.Release|Any CPU.Build.0 = Release|Any CPU
		{B51A5128-D03E-4EFC-B2F8-9D54AC9555E6}.Debug|Any CPU.ActiveCfg = Debug|Any CPU
		{B51A5128-D03E-4EFC-B2F8-9D54AC9555E6}.Debug|Any CPU.Build.0 = Debug|Any CPU
		{B51A5128-D03E-4EFC-B2F8-9D54AC9555E6}.Release|Any CPU.ActiveCfg = Release|Any CPU
		{B51A5128-D03E-4EFC-B2F8-9D54AC9555E6}.Release|Any CPU.Build.0 = Release|Any CPU
		{4668CAEB-10BE-4F9C-997D-011FB47B7299}.Debug|Any CPU.ActiveCfg = Debug|Any CPU
		{4668CAEB-10BE-4F9C-997D-011FB47B7299}.Debug|Any CPU.Build.0 = Debug|Any CPU
		{4668CAEB-10BE-4F9C-997D-011FB47B7299}.Release|Any CPU.ActiveCfg = Release|Any CPU
		{4668CAEB-10BE-4F9C-997D-011FB47B7299}.Release|Any CPU.Build.0 = Release|Any CPU
		{60D716B5-1F03-403C-8BA0-6071F383739E}.Debug|Any CPU.ActiveCfg = Debug|Any CPU
		{60D716B5-1F03-403C-8BA0-6071F383739E}.Debug|Any CPU.Build.0 = Debug|Any CPU
		{60D716B5-1F03-403C-8BA0-6071F383739E}.Release|Any CPU.ActiveCfg = Release|Any CPU
		{60D716B5-1F03-403C-8BA0-6071F383739E}.Release|Any CPU.Build.0 = Release|Any CPU
		{99FFEF65-3B13-4928-9C17-2099BCDF2216}.Debug|Any CPU.ActiveCfg = Debug|Any CPU
		{99FFEF65-3B13-4928-9C17-2099BCDF2216}.Debug|Any CPU.Build.0 = Debug|Any CPU
		{99FFEF65-3B13-4928-9C17-2099BCDF2216}.Release|Any CPU.ActiveCfg = Release|Any CPU
		{99FFEF65-3B13-4928-9C17-2099BCDF2216}.Release|Any CPU.Build.0 = Release|Any CPU
		{4B0BDED0-DE85-47F5-8CCB-9DB0A8E6236C}.Debug|Any CPU.ActiveCfg = Debug|Any CPU
		{4B0BDED0-DE85-47F5-8CCB-9DB0A8E6236C}.Debug|Any CPU.Build.0 = Debug|Any CPU
		{4B0BDED0-DE85-47F5-8CCB-9DB0A8E6236C}.Release|Any CPU.ActiveCfg = Release|Any CPU
		{4B0BDED0-DE85-47F5-8CCB-9DB0A8E6236C}.Release|Any CPU.Build.0 = Release|Any CPU
		{FDAF3FB4-E5CB-446B-AD38-7220BBFEA8AA}.Debug|Any CPU.ActiveCfg = Debug|Any CPU
		{FDAF3FB4-E5CB-446B-AD38-7220BBFEA8AA}.Debug|Any CPU.Build.0 = Debug|Any CPU
		{FDAF3FB4-E5CB-446B-AD38-7220BBFEA8AA}.Release|Any CPU.ActiveCfg = Release|Any CPU
		{FDAF3FB4-E5CB-446B-AD38-7220BBFEA8AA}.Release|Any CPU.Build.0 = Release|Any CPU
		{CD511D16-0135-46A1-8737-6E0B49BB5EE2}.Debug|Any CPU.ActiveCfg = Debug|Any CPU
		{CD511D16-0135-46A1-8737-6E0B49BB5EE2}.Debug|Any CPU.Build.0 = Debug|Any CPU
		{CD511D16-0135-46A1-8737-6E0B49BB5EE2}.Release|Any CPU.ActiveCfg = Release|Any CPU
		{CD511D16-0135-46A1-8737-6E0B49BB5EE2}.Release|Any CPU.Build.0 = Release|Any CPU
		{A4D4CDD0-4796-4EB8-9C0E-7EA83EAF2235}.Debug|Any CPU.ActiveCfg = Debug|Any CPU
		{A4D4CDD0-4796-4EB8-9C0E-7EA83EAF2235}.Debug|Any CPU.Build.0 = Debug|Any CPU
		{A4D4CDD0-4796-4EB8-9C0E-7EA83EAF2235}.Release|Any CPU.ActiveCfg = Release|Any CPU
		{A4D4CDD0-4796-4EB8-9C0E-7EA83EAF2235}.Release|Any CPU.Build.0 = Release|Any CPU
	EndGlobalSection
	GlobalSection(SolutionProperties) = preSolution
		HideSolutionNode = FALSE
	EndGlobalSection
	GlobalSection(NestedProjects) = preSolution
		{98D02ECC-927C-4BE8-85F9-B2BC304CCD57} = {68BDB711-2B5C-4D91-8E86-C88A54631077}
		{6391B557-B39A-432F-BE5D-06E12E0CC199} = {68BDB711-2B5C-4D91-8E86-C88A54631077}
		{BE0D5043-8142-42CC-87FD-1CFDB7B9B82F} = {68BDB711-2B5C-4D91-8E86-C88A54631077}
		{AC93EF8C-EF5E-43FA-AF57-398B7A2C630A} = {71CC5296-D88F-4451-B80B-1AF6FB950655}
		{7B8ABEF3-6682-42DC-AC61-4911BCBB08AA} = {71CC5296-D88F-4451-B80B-1AF6FB950655}
		{374B616C-0F1B-4D50-AEEA-6B4940DB2E9B} = {D6882198-F907-453A-A114-182F592B3EAA}
		{4B16F454-DAA7-41B7-BEC6-148C8406886D} = {D6882198-F907-453A-A114-182F592B3EAA}
		{68A9099B-FDA1-488E-9A80-F5953E568C33} = {71CC5296-D88F-4451-B80B-1AF6FB950655}
		{04B26241-1D79-44BF-8774-945D929735A9} = {D1C0C2AE-62EE-438B-94AF-56AED540DD57}
		{B51A5128-D03E-4EFC-B2F8-9D54AC9555E6} = {D6882198-F907-453A-A114-182F592B3EAA}
		{4668CAEB-10BE-4F9C-997D-011FB47B7299} = {D1C0C2AE-62EE-438B-94AF-56AED540DD57}
		{60D716B5-1F03-403C-8BA0-6071F383739E} = {D1C0C2AE-62EE-438B-94AF-56AED540DD57}
		{99FFEF65-3B13-4928-9C17-2099BCDF2216} = {D1C0C2AE-62EE-438B-94AF-56AED540DD57}
		{4B0BDED0-DE85-47F5-8CCB-9DB0A8E6236C} = {D1C0C2AE-62EE-438B-94AF-56AED540DD57}
		{FDAF3FB4-E5CB-446B-AD38-7220BBFEA8AA} = {68BDB711-2B5C-4D91-8E86-C88A54631077}
		{CD511D16-0135-46A1-8737-6E0B49BB5EE2} = {D1C0C2AE-62EE-438B-94AF-56AED540DD57}
		{A4D4CDD0-4796-4EB8-9C0E-7EA83EAF2235} = {A6EFF2E2-728B-4212-8A05-5909003ACA86}
	EndGlobalSection
	GlobalSection(ExtensibilityGlobals) = postSolution
		SolutionGuid = {DC663EF5-B8BD-453E-9574-7A8375B37941}
	EndGlobalSection
EndGlobal
