
Microsoft Visual Studio Solution File, Format Version 12.00
# Visual Studio Version 17
VisualStudioVersion = 17.5.33530.505
MinimumVisualStudioVersion = 10.0.40219.1
Project("{2150E333-8FDC-42A3-9474-1A3956D46DE8}") = "Tests", "Tests", "{1A0CF263-9FCE-4721-B7FD-027BD5CE9A14}"
EndProject
Project("{9A19103F-16F7-4668-BE54-9A1E7A4F7556}") = "AdminClient.Modules.ModuleName.Tests", "AdminClient\Tests\AdminClient.Modules.ModuleName.Tests\AdminClient.Modules.ModuleName.Tests.csproj", "{52659A47-779E-46BD-83DB-C8A5F763A21C}"
EndProject
Project("{2150E333-8FDC-42A3-9474-1A3956D46DE8}") = "Modules", "Modules", "{3DACA648-CA4F-4E25-B291-0BF6E53139FD}"
EndProject
Project("{9A19103F-16F7-4668-BE54-9A1E7A4F7556}") = "AdminClient.Modules.ModuleName", "AdminClient\Modules\AdminClient.Modules.ModuleName\AdminClient.Modules.ModuleName.csproj", "{C810F7F3-359A-461C-87E5-39AAA66E6ABE}"
EndProject
Project("{2150E333-8FDC-42A3-9474-1A3956D46DE8}") = "Services", "Services", "{1E34C307-4ACB-4958-B606-FDB1BEED37DF}"
EndProject
Project("{9A19103F-16F7-4668-BE54-9A1E7A4F7556}") = "AdminClient.Services", "AdminClient\Services\AdminClient.Services\AdminClient.Services.csproj", "{B552E570-31BE-45CE-AF26-1049376A0BB1}"
EndProject
Project("{9A19103F-16F7-4668-BE54-9A1E7A4F7556}") = "AdminClient.Services.Interfaces", "AdminClient\Services\AdminClient.Services.Interfaces\AdminClient.Services.Interfaces.csproj", "{AE8227D6-C846-4BE1-8F29-400CF56727F6}"
EndProject
Project("{9A19103F-16F7-4668-BE54-9A1E7A4F7556}") = "AdminClient", "AdminClient\AdminClient\AdminClient.csproj", "{1E934B6D-78C6-4D35-807C-86F65ED011AA}"
EndProject
Project("{9A19103F-16F7-4668-BE54-9A1E7A4F7556}") = "AdminClient.Core", "AdminClient\AdminClient.Core\AdminClient.Core.csproj", "{620927BD-A20B-46E4-810A-EAF05584FD06}"
EndProject
Project("{9A19103F-16F7-4668-BE54-9A1E7A4F7556}") = "SharedLibrary", "..\SharedLibrary\SharedLibrary.csproj", "{366FED42-4021-4228-9C7E-038BA79CDCC0}"
EndProject
Project("{9A19103F-16F7-4668-BE54-9A1E7A4F7556}") = "Services", "AdminClient\Tests\Services\Services.csproj", "{714C8F0C-12D6-467C-B291-C26562A17A69}"
EndProject
Project("{FAE04EC0-301F-11D3-BF4B-00C04F79EFBC}") = "WaitingListImporterService", "..\Services\WaitingListImporterService\WaitingListImporterService.csproj", "{B278B999-D73B-4CCF-A229-761B16FDA41A}"
EndProject
Global
	GlobalSection(SolutionConfigurationPlatforms) = preSolution
		Debug|Any CPU = Debug|Any CPU
		Release|Any CPU = Release|Any CPU
	EndGlobalSection
	GlobalSection(ProjectConfigurationPlatforms) = postSolution
		{52659A47-779E-46BD-83DB-C8A5F763A21C}.Debug|Any CPU.ActiveCfg = Debug|Any CPU
		{52659A47-779E-46BD-83DB-C8A5F763A21C}.Debug|Any CPU.Build.0 = Debug|Any CPU
		{52659A47-779E-46BD-83DB-C8A5F763A21C}.Release|Any CPU.ActiveCfg = Release|Any CPU
		{52659A47-779E-46BD-83DB-C8A5F763A21C}.Release|Any CPU.Build.0 = Release|Any CPU
		{C810F7F3-359A-461C-87E5-39AAA66E6ABE}.Debug|Any CPU.ActiveCfg = Debug|Any CPU
		{C810F7F3-359A-461C-87E5-39AAA66E6ABE}.Debug|Any CPU.Build.0 = Debug|Any CPU
		{C810F7F3-359A-461C-87E5-39AAA66E6ABE}.Release|Any CPU.ActiveCfg = Release|Any CPU
		{C810F7F3-359A-461C-87E5-39AAA66E6ABE}.Release|Any CPU.Build.0 = Release|Any CPU
		{B552E570-31BE-45CE-AF26-1049376A0BB1}.Debug|Any CPU.ActiveCfg = Debug|Any CPU
		{B552E570-31BE-45CE-AF26-1049376A0BB1}.Debug|Any CPU.Build.0 = Debug|Any CPU
		{B552E570-31BE-45CE-AF26-1049376A0BB1}.Release|Any CPU.ActiveCfg = Release|Any CPU
		{B552E570-31BE-45CE-AF26-1049376A0BB1}.Release|Any CPU.Build.0 = Release|Any CPU
		{AE8227D6-C846-4BE1-8F29-400CF56727F6}.Debug|Any CPU.ActiveCfg = Debug|Any CPU
		{AE8227D6-C846-4BE1-8F29-400CF56727F6}.Debug|Any CPU.Build.0 = Debug|Any CPU
		{AE8227D6-C846-4BE1-8F29-400CF56727F6}.Release|Any CPU.ActiveCfg = Release|Any CPU
		{AE8227D6-C846-4BE1-8F29-400CF56727F6}.Release|Any CPU.Build.0 = Release|Any CPU
		{1E934B6D-78C6-4D35-807C-86F65ED011AA}.Debug|Any CPU.ActiveCfg = Debug|Any CPU
		{1E934B6D-78C6-4D35-807C-86F65ED011AA}.Debug|Any CPU.Build.0 = Debug|Any CPU
		{1E934B6D-78C6-4D35-807C-86F65ED011AA}.Release|Any CPU.ActiveCfg = Release|Any CPU
		{1E934B6D-78C6-4D35-807C-86F65ED011AA}.Release|Any CPU.Build.0 = Release|Any CPU
		{620927BD-A20B-46E4-810A-EAF05584FD06}.Debug|Any CPU.ActiveCfg = Debug|Any CPU
		{620927BD-A20B-46E4-810A-EAF05584FD06}.Debug|Any CPU.Build.0 = Debug|Any CPU
		{620927BD-A20B-46E4-810A-EAF05584FD06}.Release|Any CPU.ActiveCfg = Release|Any CPU
		{620927BD-A20B-46E4-810A-EAF05584FD06}.Release|Any CPU.Build.0 = Release|Any CPU
		{366FED42-4021-4228-9C7E-038BA79CDCC0}.Debug|Any CPU.ActiveCfg = Debug|Any CPU
		{366FED42-4021-4228-9C7E-038BA79CDCC0}.Debug|Any CPU.Build.0 = Debug|Any CPU
		{366FED42-4021-4228-9C7E-038BA79CDCC0}.Release|Any CPU.ActiveCfg = Release|Any CPU
		{366FED42-4021-4228-9C7E-038BA79CDCC0}.Release|Any CPU.Build.0 = Release|Any CPU
		{714C8F0C-12D6-467C-B291-C26562A17A69}.Debug|Any CPU.ActiveCfg = Debug|Any CPU
		{714C8F0C-12D6-467C-B291-C26562A17A69}.Debug|Any CPU.Build.0 = Debug|Any CPU
		{714C8F0C-12D6-467C-B291-C26562A17A69}.Release|Any CPU.ActiveCfg = Release|Any CPU
		{714C8F0C-12D6-467C-B291-C26562A17A69}.Release|Any CPU.Build.0 = Release|Any CPU
		{B278B999-D73B-4CCF-A229-761B16FDA41A}.Debug|Any CPU.ActiveCfg = Debug|Any CPU
		{B278B999-D73B-4CCF-A229-761B16FDA41A}.Debug|Any CPU.Build.0 = Debug|Any CPU
		{B278B999-D73B-4CCF-A229-761B16FDA41A}.Release|Any CPU.ActiveCfg = Release|Any CPU
		{B278B999-D73B-4CCF-A229-761B16FDA41A}.Release|Any CPU.Build.0 = Release|Any CPU
	EndGlobalSection
	GlobalSection(SolutionProperties) = preSolution
		HideSolutionNode = FALSE
	EndGlobalSection
	GlobalSection(NestedProjects) = preSolution
		{52659A47-779E-46BD-83DB-C8A5F763A21C} = {1A0CF263-9FCE-4721-B7FD-027BD5CE9A14}
		{C810F7F3-359A-461C-87E5-39AAA66E6ABE} = {3DACA648-CA4F-4E25-B291-0BF6E53139FD}
		{B552E570-31BE-45CE-AF26-1049376A0BB1} = {1E34C307-4ACB-4958-B606-FDB1BEED37DF}
		{AE8227D6-C846-4BE1-8F29-400CF56727F6} = {1E34C307-4ACB-4958-B606-FDB1BEED37DF}
		{714C8F0C-12D6-467C-B291-C26562A17A69} = {1A0CF263-9FCE-4721-B7FD-027BD5CE9A14}
		{B278B999-D73B-4CCF-A229-761B16FDA41A} = {1E34C307-4ACB-4958-B606-FDB1BEED37DF}
	EndGlobalSection
	GlobalSection(ExtensibilityGlobals) = postSolution
		SolutionGuid = {E01BE3DC-0FC5-4585-A635-2704D43638F2}
	EndGlobalSection
EndGlobal
